<?xml version="1.0" encoding="utf-8"?>
<Project ToolsVersion="4.0" xmlns="http://schemas.microsoft.com/developer/msbuild/2003">
  <ItemGroup>
    <Filter Include="소스 파일">
      <UniqueIdentifier>{4FC737F1-C7A5-4376-A066-2A32D752A2FF}</UniqueIdentifier>
      <Extensions>cpp;c;cc;cxx;c++;cppm;ixx;def;odl;idl;hpj;bat;asm;asmx</Extensions>
    </Filter>
    <Filter Include="헤더 파일">
      <UniqueIdentifier>{93995380-89BD-4b04-88EB-625FBE52EBFB}</UniqueIdentifier>
      <Extensions>h;hh;hpp;hxx;h++;hm;inl;inc;ipp;xsd</Extensions>
    </Filter>
    <Filter Include="리소스 파일">
      <UniqueIdentifier>{67DA6AB6-F800-4c08-8B7A-83BB121AAD01}</UniqueIdentifier>
      <Extensions>rc;ico;cur;bmp;dlg;rc2;rct;bin;rgs;gif;jpg;jpeg;jpe;resx;tiff;tif;png;wav;mfcribbon-ms</Extensions>
    </Filter>
    <Filter Include="소스 파일\function">
      <UniqueIdentifier>{0d197cb8-ce5b-4f68-b7be-024990981cfe}</UniqueIdentifier>
    </Filter>
    <Filter Include="소스 파일\game">
      <UniqueIdentifier>{d69ced28-3b53-4a40-8258-d662bcb20e62}</UniqueIdentifier>
    </Filter>
    <Filter Include="소스 파일\game\player">
      <UniqueIdentifier>{b071589c-0389-48ae-9085-79278541dbb3}</UniqueIdentifier>
    </Filter>
    <Filter Include="소스 파일\game\bomb">
      <UniqueIdentifier>{aeeba708-e398-4457-8db8-687ea1811141}</UniqueIdentifier>
    </Filter>
    <Filter Include="소스 파일\game\enemy">
      <UniqueIdentifier>{4bc7bf23-efe9-475a-a4d3-66dc0dc6395f}</UniqueIdentifier>
    </Filter>
    <Filter Include="소스 파일\game\item">
      <UniqueIdentifier>{4ab61f7c-de4c-4257-8a46-d87bd3e99b48}</UniqueIdentifier>
    </Filter>
    <Filter Include="소스 파일\draw">
      <UniqueIdentifier>{ce1f2437-b3e4-4318-a7d4-e492f47d7e9b}</UniqueIdentifier>
    </Filter>
    <Filter Include="소스 파일\game\draw">
      <UniqueIdentifier>{75dad601-22ee-4563-a05c-4db1c7294e3a}</UniqueIdentifier>
    </Filter>
  </ItemGroup>
  <ItemGroup>
    <ClCompile Include="cursor.c">
      <Filter>소스 파일\function</Filter>
    </ClCompile>
    <ClCompile Include="gotoxy.c">
      <Filter>소스 파일\function</Filter>
    </ClCompile>
    <ClCompile Include="move.c">
      <Filter>소스 파일\function</Filter>
    </ClCompile>
    <ClCompile Include="main.c">
      <Filter>소스 파일</Filter>
    </ClCompile>
    <ClCompile Include="login.c">
      <Filter>소스 파일</Filter>
    </ClCompile>
    <ClCompile Include="ranking.c">
      <Filter>소스 파일</Filter>
    </ClCompile>
    <ClCompile Include="game.c">
      <Filter>소스 파일\game</Filter>
    </ClCompile>
    <ClCompile Include="enemy_gen.c">
      <Filter>소스 파일\game\enemy</Filter>
    </ClCompile>
    <ClCompile Include="enemy_move.c">
      <Filter>소스 파일\game\enemy</Filter>
    </ClCompile>
    <ClCompile Include="enm_bull_move.c">
      <Filter>소스 파일\game\enemy</Filter>
    </ClCompile>
    <ClCompile Include="enm_bull_status.c">
      <Filter>소스 파일\game\enemy</Filter>
    </ClCompile>
    <ClCompile Include="enm_status.c">
      <Filter>소스 파일\game\enemy</Filter>
    </ClCompile>
    <ClCompile Include="bomb_bull_move.c">
      <Filter>소스 파일\game\bomb</Filter>
    </ClCompile>
    <ClCompile Include="bomb_bull_status.c">
      <Filter>소스 파일\game\bomb</Filter>
    </ClCompile>
    <ClCompile Include="bomb_move.c">
      <Filter>소스 파일\game\bomb</Filter>
    </ClCompile>
    <ClCompile Include="bomb_status.c">
      <Filter>소스 파일\game\bomb</Filter>
    </ClCompile>
    <ClCompile Include="item_status.c">
      <Filter>소스 파일\game\item</Filter>
    </ClCompile>
    <ClCompile Include="item_gen.c">
      <Filter>소스 파일\game\item</Filter>
    </ClCompile>
    <ClCompile Include="item_move.c">
      <Filter>소스 파일\game\item</Filter>
    </ClCompile>
    <ClCompile Include="bullet_move.c">
      <Filter>소스 파일\game\player</Filter>
    </ClCompile>
    <ClCompile Include="bullet_status.c">
      <Filter>소스 파일\game\player</Filter>
    </ClCompile>
    <ClCompile Include="set_color.c">
      <Filter>소스 파일\function</Filter>
    </ClCompile>
    <ClCompile Include="shop_preview.c">
      <Filter>소스 파일\draw</Filter>
    </ClCompile>
    <ClCompile Include="menu.c">
      <Filter>소스 파일</Filter>
    </ClCompile>
    <ClCompile Include="draw_content.c">
      <Filter>소스 파일\draw</Filter>
    </ClCompile>
    <ClCompile Include="shop.c">
      <Filter>소스 파일</Filter>
    </ClCompile>
    <ClCompile Include="draw_game.c">
      <Filter>소스 파일\game\draw</Filter>
    </ClCompile>
    <ClCompile Include="set_player.c">
      <Filter>소스 파일\game\player</Filter>
    </ClCompile>
    <ClCompile Include="draw_status.c">
      <Filter>소스 파일\game\draw</Filter>
    </ClCompile>
    <ClCompile Include="draw_symbol.c">
      <Filter>소스 파일\game\draw</Filter>
    </ClCompile>
  </ItemGroup>
  <ItemGroup>
    <ClInclude Include="common.h">
      <Filter>헤더 파일</Filter>
    </ClInclude>
    <ClInclude Include="game.h">
      <Filter>헤더 파일</Filter>
    </ClInclude>
  </ItemGroup>
</Project>